
Microsoft Visual Studio Solution File, Format Version 12.00
# Visual Studio Version 16
VisualStudioVersion = 16.0.32413.511
MinimumVisualStudioVersion = 10.0.40219.1
Project("{9A19103F-16F7-4668-BE54-9A1E7A4F7556}") = "ConectandoBanco", "ConectandoBanco\ConectandoBanco.csproj", "{7526A172-CB4D-43EC-801D-327F7E86CBF3}"
EndProject
Project("{FAE04EC0-301F-11D3-BF4B-00C04F79EFBC}") = "FormsBanco", "FormsBanco\FormsBanco.csproj", "{9E896CA1-52F5-4BC0-90C0-2A182E4E4185}"
EndProject
Global
	GlobalSection(SolutionConfigurationPlatforms) = preSolution
		Debug|Any CPU = Debug|Any CPU
		Release|Any CPU = Release|Any CPU
	EndGlobalSection
	GlobalSection(ProjectConfigurationPlatforms) = postSolution
		{7526A172-CB4D-43EC-801D-327F7E86CBF3}.Debug|Any CPU.ActiveCfg = Debug|Any CPU
		{7526A172-CB4D-43EC-801D-327F7E86CBF3}.Debug|Any CPU.Build.0 = Debug|Any CPU
		{7526A172-CB4D-43EC-801D-327F7E86CBF3}.Release|Any CPU.ActiveCfg = Release|Any CPU
		{7526A172-CB4D-43EC-801D-327F7E86CBF3}.Release|Any CPU.Build.0 = Release|Any CPU
		{9E896CA1-52F5-4BC0-90C0-2A182E4E4185}.Debug|Any CPU.ActiveCfg = Debug|Any CPU
		{9E896CA1-52F5-4BC0-90C0-2A182E4E4185}.Debug|Any CPU.Build.0 = Debug|Any CPU
		{9E896CA1-52F5-4BC0-90C0-2A182E4E4185}.Release|Any CPU.ActiveCfg = Release|Any CPU
		{9E896CA1-52F5-4BC0-90C0-2A182E4E4185}.Release|Any CPU.Build.0 = Release|Any CPU
	EndGlobalSection
	GlobalSection(SolutionProperties) = preSolution
		HideSolutionNode = FALSE
	EndGlobalSection
	GlobalSection(ExtensibilityGlobals) = postSolution
		SolutionGuid = {9CE0732F-2756-4DB9-8ED3-630FED153946}
	EndGlobalSection
EndGlobal
